<Solution>
  <Folder Name="/Solution Items/">
    <File Path="Agents.cmd" />
    <File Path="hrdrClaudeNative.cmd" />
    <File Path="OpenRouter.url" />
    <File Path="RunClaude.cmd" />
  </Folder>
  <Project Path="AgenticCliOptions/AgenticCliOptions.shproj" Id="fdb96c13-5cbf-4e02-8523-6185b8618714" />
  <Project Path="AgentTerminals/AgentTerminals.shproj" Id="e679b6b2-9928-4c45-ad3b-8df62d4eef48" />
  <Project Path="AgentTools/AgentTools.shproj" Id="1823ace1-1b12-44c0-bece-9f929c24491d" />
  <Project Path="TermainalAgentPairs/TermainalAgentPairs.shproj" Id="05afd04f-06a7-4302-b842-2e5cb5049f1e" />
</Solution>
